{
  "tarball": {
    "bytes": 29125775,
    "name": "readcoach-benchmark-0.1.0.tar.gz",
    "sha256": "d89a15431b788f136935ba8e4ef4c949dd279a599838a0e00706abb53eeacc48"
  },
  "artifacts": {
    "data/benchmark/clips/p01-clean.wav": "af4fdac4d14d879b8a46fdb6b9296e762cdf583a13a30b701a91815b35880184",
    "data/benchmark/clips/p01-hesF35.wav": "ec3736c6027a499e35b48e50ebfec5ec9e26d55910961529f608b774fa706e7f",
    "data/benchmark/clips/p01-hesS16_sc32_ins37.wav": "1ecd7704a2bb18d06883eb0c6d1891e8e20ed3216e980dc71c999d72243619c3",
    "data/benchmark/clips/p01-hesS39.wav": "c93ebb21c3d759f49818d1427171353136d569990e0159a3e196c2f41d5415da",
    "data/benchmark/clips/p01-ins13.wav": "53944f478a3e2390e632765f8d9d7f895a78d0ffea916ddf052c66a69795098d",
    "data/benchmark/clips/p01-ins5_sc15.wav": "bcdb9412aa47120289a5236cb45e1ba1942c5d57bf0683ae10a012decb99d34d",
    "data/benchmark/clips/p01-om16_hesS34_sub38.wav": "06c115de7249ff1eb2b7181ec7ff6b51d94192165252d15a400eb217b985161e",
    "data/benchmark/clips/p01-om35.wav": "eee90486f8840ce0e737fed0ea15c4ec4830eee8fb2e149d79e447b9b9852df0",
    "data/benchmark/clips/p01-sc24.wav": "3c461a4c864290d4b9f971e2c3dfdec54180fc9c7e477ec3955e4860c2afefa2",
    "data/benchmark/clips/p01-sub25_om39.wav": "9901295d719c6ebaaa8900e5c8906287f8f6554f20c4336e5bde9392413593cb",
    "data/benchmark/clips/p01-sub9.wav": "2cf87ad922360ea2e50fc5ab52e70a9f42d5eccd052b6b772a07aa8fcd84b222",
    "data/benchmark/clips/p02-clean.wav": "ad5b696d14bc49018ad4d46fc09925d6b6c5efeec25cb26130aa4dea981c6b2d",
    "data/benchmark/clips/p02-hesF36.wav": "a7ac55072569db9036c17761e58aa4af7abc71305d73ed2c2785fb633576e4d5",
    "data/benchmark/clips/p02-hesS15.wav": "00cf31f085c77b9c57f2bd00b681b4095bff6d3f6f6de4ad1f8735ccee60c182",
    "data/benchmark/clips/p02-hesS7_sc16_ins29.wav": "fa7ecde611573e3cf7efe9cfc159f4a2444c8381471c41278d1289c8d1d3e41b",
    "data/benchmark/clips/p02-ins26.wav": "b9356b2cec0dc67cf720b71fe8e02256073fdb15e27748a51a3075cfd2f8be5f",
    "data/benchmark/clips/p02-om19.wav": "3ecd8ed3897b07317fc050011e43e9826c52453d6d0e36f7242f6badf6c6ca4e",
    "data/benchmark/clips/p02-om26_sub33.wav": "dd414351771f9568c23c607d377c16df240743f05c96ff9a750a905a08f69fe4",
    "data/benchmark/clips/p02-om9_hesF31_sub38.wav": "01713f463c5bebb10f09361b33f11c56e5e5d453ee808f5ec90166e6ae77bbb4",
    "data/benchmark/clips/p02-sc31_ins35.wav": "f86a99d24d8f42305528e12b524597256d8d41e3135326a99e0a16770bf6bfd5",
    "data/benchmark/clips/p02-sc40.wav": "b20fa725476e1d74cd2b0d0cbe64f7fc705f2a8bc7ec39bf20f75efbb23cea83",
    "data/benchmark/clips/p02-sub4.wav": "cfc674bc14819b97fa07f3b1ff0471ad75ac4912e57397c97d756d3060e2382e",
    "data/benchmark/clips/p03-clean.wav": "e76a80ffd13caec3b41cd89f33d8b5bc612498f5c83c05a45181a80ef73c0bdf",
    "data/benchmark/clips/p03-hesF7.wav": "4b8ac3a2f6bf69f69ea8617340b1704ee4cccc92aacfa8957aab1f812d991288",
    "data/benchmark/clips/p03-hesS9.wav": "13fd86b42f458a246aa63740ae366fc3ce55883595107db23a8479c1db61dba2",
    "data/benchmark/clips/p03-ins12_sc34.wav": "a7c2964fb7ef5168242de6d84fa0d2ea948b66bca72122dbf694a2523cd5872f",
    "data/benchmark/clips/p03-ins5_hesS24_sc32.wav": "6f75e36c638a08e4ff1e501961d32feec090787fb19884b6d903f3ff6a62a0bb",
    "data/benchmark/clips/p03-ins7.wav": "ff4ca10d4727e7bc92db208d746e4dae48bf2257045164298d120fcd10ae31d3",
    "data/benchmark/clips/p03-om2_sub38.wav": "4bf4493e7d275d83d5facae7900c971d0e81bd57eca694d25feb3bf7dbf2a6bd",
    "data/benchmark/clips/p03-om7.wav": "581bfc13757f8d000592ee3114e530509ca4c7faa3d406345e03b95b1218b658",
    "data/benchmark/clips/p03-sc37.wav": "2fac764704e2155e1098ae818aac3d70940358f86dac4f3b751432aafc7cba10",
    "data/benchmark/clips/p03-sub1_hesF10_om22.wav": "2a83951c112a05d181b3eadabe54ef38f5bf9d37d50175391ce28bb4d2ba8ced",
    "data/benchmark/clips/p03-sub36.wav": "2944a3ba846893699c43645e0698a16348eeb38e5282528a34a0351ba37dd6bb",
    "data/benchmark/clips/p04-clean.wav": "8237f038d3b4b92514b61666cd88cdd93c2e480508e52259b69839b7a3a50251",
    "data/benchmark/clips/p04-hesF14_om20_sub33.wav": "212b3aaf3b986ebfc9f131e0291422baccb3a40fa6a27ddb6e23cf6f3f4350dd",
    "data/benchmark/clips/p04-hesF28.wav": "0956a58b25c3ea764dbea12df7c9bb5b282852a46e00399d2ec0c39193a246e8",
    "data/benchmark/clips/p04-hesS35.wav": "cc9e3820b82ed452ae9a1b23c24ee4c29e251bdc4cb4aed3f3ee4519e83823a1",
    "data/benchmark/clips/p04-ins21_sc39.wav": "c57eaec3aa27fa17f75262466bbb91c7170a2b957c1b53727f3f8cd631a9bb79",
    "data/benchmark/clips/p04-ins3.wav": "0583dc913b4b3f31faaaf4505fb3438866c0b310f666c622088fd871c9815aec",
    "data/benchmark/clips/p04-om1.wav": "37d0a6aa3319eccf3238bf1ea52f48f0a1f46ed9c800148d9bac3a5d904825ba",
    "data/benchmark/clips/p04-om10_sub30.wav": "735a899e53e84d0eee648d11faacfedb73a2a67907239baa4437d442b2d4fc8a",
    "data/benchmark/clips/p04-sc18_hesF23_ins28.wav": "a6545a91018918010d736a48326d6b2562743ba6ae3a4479304ba7c422551f14",
    "data/benchmark/clips/p04-sc34.wav": "f8b983fc640624a4aee2fce8aba63793548fe3d7a15f8236a86b9d460fe8bbc0",
    "data/benchmark/clips/p04-sub31.wav": "9f0444b270fa5b99ab21b0b3cbd0a877df0fc385eba9584d7275d8e8d1183106",
    "data/benchmark/clips/p05-clean.wav": "b25c5fc50f21d52afa847f493eeff69ca41e1105c00c6fef7797ad242a91a903",
    "data/benchmark/clips/p05-hesF21.wav": "6d3a6e057847b0d3e94144031c012243a741190e7ed4cbefe336939041f98600",
    "data/benchmark/clips/p05-hesS31.wav": "4bdaf8131509e9f5a823e7d3d5fb4efef2359baa2e279c2233b0117d60d3baef",
    "data/benchmark/clips/p05-ins35.wav": "7b158842b349df55fdb89e1f02adbdc03ff46726ea5a49ae696d22448ee1774c",
    "data/benchmark/clips/p05-om11_sub22.wav": "fa21ec53e34cf2b60d3b75ef955b4288c007732d5adf3bdcfc9c17f3db5f6390",
    "data/benchmark/clips/p05-om22.wav": "10368bf1749ea2537cd4d28e8c36468cfc256c9e4c6eaeb2bc583b5a530296c9",
    "data/benchmark/clips/p05-sc17_ins19.wav": "349cfe60c01f84fe70bd8154c63dbb1c408ca8a9d3c18988f9a9a5eebf70caad",
    "data/benchmark/clips/p05-sc33.wav": "168e6d0ccff97a9fb92fcf04569ffc44ff837a24e832623978940ebe1adf4ee9",
    "data/benchmark/clips/p05-sc4_ins20_hesF36.wav": "e189136f0ffd3e0ef4f828d4a64feca832fe910cbcff59a96ef3e7e33449f051",
    "data/benchmark/clips/p05-sub25.wav": "a016be3ba1a29ec6bbf421268a20bfb6dd26ab7b4c9a56f7cf3f4e7c131f9a0a",
    "data/benchmark/clips/p05-sub6_hesF15_om24.wav": "b5d54290de9c5880aab08964fe73494d3b9174489e2cd133e55552495cb3866b",
    "data/benchmark/clips/p06-clean.wav": "311ecf0b561e688bd2284863034490b0fc7e9834be56ce8ae4531e1de10c0bd3",
    "data/benchmark/clips/p06-hesF17.wav": "52d8d9acfaa3e3921e185e76037986d36375ad86e96660cacfec7b39b5dfe858",
    "data/benchmark/clips/p06-hesS37.wav": "b99f4e5bb32076eca5c95fc30f1282db9ba75bb65c3772d39afadc0598e05df1",
    "data/benchmark/clips/p06-ins13_sc27_hesS44.wav": "ef27b4a0c44bf76cc3f431f29b16f42d472b78faf17c7747f48170e90a19d6f9",
    "data/benchmark/clips/p06-ins15.wav": "3e46ccba2b5ccc2b8dd87ff6deccbed596b98e0308ec6bfb2172877b43ae6da2",
    "data/benchmark/clips/p06-om0_sub20_hesS38.wav": "5691259951e7d2c6857b2d76dc7d0da4bb05e9158bc2bf12f4de142111ee8437",
    "data/benchmark/clips/p06-om34.wav": "17d3d086350d4b35eecf84d4b6b2228b11a7411932a933fda0fabc358f951c90",
    "data/benchmark/clips/p06-sc33.wav": "08a3210d03b7923b7f4b5d30e51331727d345258163cd4784d8238dc8a46c029",
    "data/benchmark/clips/p06-sc3_ins36.wav": "374d82909f569e2d00b259aef8d5ef721d30d441974717fc0abafa14907aee1c",
    "data/benchmark/clips/p06-sub0.wav": "75c4fb3455b31a1a0626209eececb5da1d27b31e9dfa6bd43ab11b74233b4097",
    "data/benchmark/clips/p06-sub29_om43.wav": "a329ff1db627a38f604a8d541ab7b324246500cf417b05073478631bb4beb62c",
    "data/benchmark/clips/p07-clean.wav": "de2ef983509f870a3bda58fb03de988ebf4bd69ec48b8b4a625e07c46b69c64e",
    "data/benchmark/clips/p07-hesF36.wav": "a4d8ac59a75e120f2d07e16092b0c6b201c9c373b9cefcf1e0f93efb5aacee1a",
    "data/benchmark/clips/p07-hesS10.wav": "314bd82164339cb0d908b0a09f915bb81ad341d76f8a5fb4bff4803f6923aa6b",
    "data/benchmark/clips/p07-ins19_hesS24_sc34.wav": "036685faf53d139ffc83082d8b6bbcffb5d5d7b65c2c543dfcaaac98bc95aea3",
    "data/benchmark/clips/p07-ins23_sc44.wav": "09debfa81c1200b05f5ade0bb70ced7d62be0954498968dc807cdfcbbd75ee93",
    "data/benchmark/clips/p07-ins40.wav": "8d80e48affa893713f3edb88238a5d92b0dc878c4a3e978d8c9c857de7ef29c3",
    "data/benchmark/clips/p07-om21.wav": "820be685eefb87bea0fed114b8dc9ebb022ad0c71553b7e4cf9619dbdf1579c4",
    "data/benchmark/clips/p07-om5_sub11.wav": "e4ac82286b10a27e0aa6d1107bbbe717e4c37a72ee648e61f73a056e7328eae3",
    "data/benchmark/clips/p07-om8_hesS16_sub42.wav": "1cfb909998fb28d4c6069413ef8d6c7b54051bda990900fd640c54220b4b1736",
    "data/benchmark/clips/p07-sc16.wav": "f71a75a68578bfb155a673854dcc623ac95eb81b0a5ee214495735f2631ccbb6",
    "data/benchmark/clips/p07-sub2.wav": "d172a29aee47bccfda9bb24bf84876f28971def16714f907d9c5bb126e2e4374",
    "data/benchmark/clips/p08-clean.wav": "508e653ca24778ae9712f262d9cc7ea159c20d7d5ff58df8eedb856782c62730",
    "data/benchmark/clips/p08-hesF4.wav": "d1b77cf3a070d80e2d97e877e65d73bbe85f4b3ab90baf58352d6d816757d4f6",
    "data/benchmark/clips/p08-hesF4_sc11_ins34.wav": "cf301d13ff78652cb353d2e9b219868c74dcae857b1d0509f2c22c510599c83c",
    "data/benchmark/clips/p08-hesS37.wav": "917aa4501aa81f6ba666898c3ad9d4607d974e95fc57030a32bb4fadaccbfb91",
    "data/benchmark/clips/p08-ins42.wav": "e8acd77ffa1f27ebe4483519c6a9b6b7883e4830785a35945e1b321958db9f25",
    "data/benchmark/clips/p08-om26.wav": "53c29102be49919b2aed7424806da9fa883af53bb318a86c570ee9cb973af77f",
    "data/benchmark/clips/p08-sc17.wav": "47db0d6097e3500adbfb6daf36ba9bc50f1cf74ce482db87970a5696b2aac4d2",
    "data/benchmark/clips/p08-sc8_ins34.wav": "6dfc0e96068f79a4d36f901e0a72d0c5807ff434960dbc6cacb190f165d5a3d9",
    "data/benchmark/clips/p08-sub14_om17.wav": "eabf0a1542d0583ed42ab81ea91e7ea123facfe429fb065b5395217719950689",
    "data/benchmark/clips/p08-sub25_om36_hesF41.wav": "74dfba0d46380d4a260a7f661b3e00c8ace6013d8418649599389c9a7b5e5f59",
    "data/benchmark/clips/p08-sub42.wav": "87f4057a298fc4830a9961dd2ec92f203f4b1dcb4e8f3c8a87d0e69de70aec72",
    "data/benchmark/gold.jsonl": "6cbb3b36a6d79a7ef13c87149abffd225ee5ebe71d1e18ab0d0759f6eb61601e",
    "data/benchmark/manifest.json": "94dc79879957a7b39d3721ca265e83699dc309e1c03fc4aa4bf5eaf646c4512b",
    "tests/fixtures/benchmark/p01-clean.wav": "af4fdac4d14d879b8a46fdb6b9296e762cdf583a13a30b701a91815b35880184",
    "tests/fixtures/benchmark/p01-hesS39.wav": "c93ebb21c3d759f49818d1427171353136d569990e0159a3e196c2f41d5415da",
    "tests/fixtures/benchmark/p01-sub9.wav": "2cf87ad922360ea2e50fc5ab52e70a9f42d5eccd052b6b772a07aa8fcd84b222"
  },
  "benchmark_version": "0.1.0"
}
